
Microsoft Visual Studio Solution File, Format Version 12.00
# Visual Studio Version 17
VisualStudioVersion = 17.8.34511.84
MinimumVisualStudioVersion = 10.0.40219.1
Project("{9A19103F-16F7-4668-BE54-9A1E7A4F7556}") = "Interval List Intersections", "Interval List Intersections\Interval List Intersections.csproj", "{10CBA233-8667-41DA-A043-CAD13CEF51C1}"
EndProject
Global
	GlobalSection(SolutionConfigurationPlatforms) = preSolution
		Debug|Any CPU = Debug|Any CPU
		Release|Any CPU = Release|Any CPU
	EndGlobalSection
	GlobalSection(ProjectConfigurationPlatforms) = postSolution
		{10CBA233-8667-41DA-A043-CAD13CEF51C1}.Debug|Any CPU.ActiveCfg = Debug|Any CPU
		{10CBA233-8667-41DA-A043-CAD13CEF51C1}.Debug|Any CPU.Build.0 = Debug|Any CPU
		{10CBA233-8667-41DA-A043-CAD13CEF51C1}.Release|Any CPU.ActiveCfg = Release|Any CPU
		{10CBA233-8667-41DA-A043-CAD13CEF51C1}.Release|Any CPU.Build.0 = Release|Any CPU
	EndGlobalSection
	GlobalSection(SolutionProperties) = preSolution
		HideSolutionNode = FALSE
	EndGlobalSection
	GlobalSection(ExtensibilityGlobals) = postSolution
		SolutionGuid = {6F34D1E6-4508-41CB-964F-F95ACBA19735}
	EndGlobalSection
EndGlobal
